
Microsoft Visual Studio Solution File, Format Version 12.00
# Visual Studio Version 16
VisualStudioVersion = 16.0.30503.244
MinimumVisualStudioVersion = 10.0.40219.1
Project("{8BC9CEB8-8B4A-11D0-8D11-00A0C91BC942}") = "rbts", "rbts\rbts.vcxproj", "{15F42B91-15DB-4DDF-87D4-69DF0138B09F}"
EndProject
Global
	GlobalSection(SolutionConfigurationPlatforms) = preSolution
		Debug|x64 = Debug|x64
		Debug|x86 = Debug|x86
		Release|x64 = Release|x64
		Release|x86 = Release|x86
	EndGlobalSection
	GlobalSection(ProjectConfigurationPlatforms) = postSolution
		{15F42B91-15DB-4DDF-87D4-69DF0138B09F}.Debug|x64.ActiveCfg = Debug|x64
		{15F42B91-15DB-4DDF-87D4-69DF0138B09F}.Debug|x64.Build.0 = Debug|x64
		{15F42B91-15DB-4DDF-87D4-69DF0138B09F}.Debug|x86.ActiveCfg = Debug|Win32
		{15F42B91-15DB-4DDF-87D4-69DF0138B09F}.Debug|x86.Build.0 = Debug|Win32
		{15F42B91-15DB-4DDF-87D4-69DF0138B09F}.Release|x64.ActiveCfg = Release|x64
		{15F42B91-15DB-4DDF-87D4-69DF0138B09F}.Release|x64.Build.0 = Release|x64
		{15F42B91-15DB-4DDF-87D4-69DF0138B09F}.Release|x86.ActiveCfg = Release|Win32
		{15F42B91-15DB-4DDF-87D4-69DF0138B09F}.Release|x86.Build.0 = Release|Win32
	EndGlobalSection
	GlobalSection(SolutionProperties) = preSolution
		HideSolutionNode = FALSE
	EndGlobalSection
	GlobalSection(ExtensibilityGlobals) = postSolution
		SolutionGuid = {F9876983-15DD-46AD-AA1D-C8BCF9D5C20C}
	EndGlobalSection
EndGlobal
